
Microsoft Visual Studio Solution File, Format Version 12.00
# Visual Studio Version 17
VisualStudioVersion = 17.0.32014.148
MinimumVisualStudioVersion = 10.0.40219.1
Project("{FAE04EC0-301F-11D3-BF4B-00C04F79EFBC}") = "Konpasu.Android", "Konpasu.Android\Konpasu.Android.csproj", "{ED72BC4A-5B94-4F69-8E87-BE4740D7B3BB}"
EndProject
Project("{FAE04EC0-301F-11D3-BF4B-00C04F79EFBC}") = "Konpasu.iOS", "Konpasu.iOS\Konpasu.iOS.csproj", "{3B499E49-A681-4A59-8533-6CBF86A4F286}"
EndProject
Project("{FAE04EC0-301F-11D3-BF4B-00C04F79EFBC}") = "Konpasu", "Konpasu\Konpasu.csproj", "{0BF64D63-7C71-482C-AD6C-24113AAE2B39}"
EndProject
Global
	GlobalSection(SolutionConfigurationPlatforms) = preSolution
		Debug|Any CPU = Debug|Any CPU
		Debug|iPhone = Debug|iPhone
		Debug|iPhoneSimulator = Debug|iPhoneSimulator
		Release|Any CPU = Release|Any CPU
		Release|iPhone = Release|iPhone
		Release|iPhoneSimulator = Release|iPhoneSimulator
	EndGlobalSection
	GlobalSection(ProjectConfigurationPlatforms) = postSolution
		{ED72BC4A-5B94-4F69-8E87-BE4740D7B3BB}.Debug|Any CPU.ActiveCfg = Debug|Any CPU
		{ED72BC4A-5B94-4F69-8E87-BE4740D7B3BB}.Debug|Any CPU.Build.0 = Debug|Any CPU
		{ED72BC4A-5B94-4F69-8E87-BE4740D7B3BB}.Debug|Any CPU.Deploy.0 = Debug|Any CPU
		{ED72BC4A-5B94-4F69-8E87-BE4740D7B3BB}.Debug|iPhone.ActiveCfg = Debug|Any CPU
		{ED72BC4A-5B94-4F69-8E87-BE4740D7B3BB}.Debug|iPhone.Build.0 = Debug|Any CPU
		{ED72BC4A-5B94-4F69-8E87-BE4740D7B3BB}.Debug|iPhone.Deploy.0 = Debug|Any CPU
		{ED72BC4A-5B94-4F69-8E87-BE4740D7B3BB}.Debug|iPhoneSimulator.ActiveCfg = Debug|Any CPU
		{ED72BC4A-5B94-4F69-8E87-BE4740D7B3BB}.Debug|iPhoneSimulator.Build.0 = Debug|Any CPU
		{ED72BC4A-5B94-4F69-8E87-BE4740D7B3BB}.Debug|iPhoneSimulator.Deploy.0 = Debug|Any CPU
		{ED72BC4A-5B94-4F69-8E87-BE4740D7B3BB}.Release|Any CPU.ActiveCfg = Release|Any CPU
		{ED72BC4A-5B94-4F69-8E87-BE4740D7B3BB}.Release|Any CPU.Build.0 = Release|Any CPU
		{ED72BC4A-5B94-4F69-8E87-BE4740D7B3BB}.Release|Any CPU.Deploy.0 = Release|Any CPU
		{ED72BC4A-5B94-4F69-8E87-BE4740D7B3BB}.Release|iPhone.ActiveCfg = Release|Any CPU
		{ED72BC4A-5B94-4F69-8E87-BE4740D7B3BB}.Release|iPhone.Build.0 = Release|Any CPU
		{ED72BC4A-5B94-4F69-8E87-BE4740D7B3BB}.Release|iPhone.Deploy.0 = Release|Any CPU
		{ED72BC4A-5B94-4F69-8E87-BE4740D7B3BB}.Release|iPhoneSimulator.ActiveCfg = Release|Any CPU
		{ED72BC4A-5B94-4F69-8E87-BE4740D7B3BB}.Release|iPhoneSimulator.Build.0 = Release|Any CPU
		{ED72BC4A-5B94-4F69-8E87-BE4740D7B3BB}.Release|iPhoneSimulator.Deploy.0 = Release|Any CPU
		{3B499E49-A681-4A59-8533-6CBF86A4F286}.Debug|Any CPU.ActiveCfg = Debug|iPhone
		{3B499E49-A681-4A59-8533-6CBF86A4F286}.Debug|Any CPU.Build.0 = Debug|iPhone
		{3B499E49-A681-4A59-8533-6CBF86A4F286}.Debug|Any CPU.Deploy.0 = Debug|iPhone
		{3B499E49-A681-4A59-8533-6CBF86A4F286}.Debug|iPhone.ActiveCfg = Debug|iPhone
		{3B499E49-A681-4A59-8533-6CBF86A4F286}.Debug|iPhone.Build.0 = Debug|iPhone
		{3B499E49-A681-4A59-8533-6CBF86A4F286}.Debug|iPhone.Deploy.0 = Debug|iPhone
		{3B499E49-A681-4A59-8533-6CBF86A4F286}.Debug|iPhoneSimulator.ActiveCfg = Debug|iPhoneSimulator
		{3B499E49-A681-4A59-8533-6CBF86A4F286}.Debug|iPhoneSimulator.Build.0 = Debug|iPhoneSimulator
		{3B499E49-A681-4A59-8533-6CBF86A4F286}.Debug|iPhoneSimulator.Deploy.0 = Debug|iPhoneSimulator
		{3B499E49-A681-4A59-8533-6CBF86A4F286}.Release|Any CPU.ActiveCfg = Release|iPhoneSimulator
		{3B499E49-A681-4A59-8533-6CBF86A4F286}.Release|Any CPU.Build.0 = Release|iPhoneSimulator
		{3B499E49-A681-4A59-8533-6CBF86A4F286}.Release|Any CPU.Deploy.0 = Release|iPhoneSimulator
		{3B499E49-A681-4A59-8533-6CBF86A4F286}.Release|iPhone.ActiveCfg = Release|iPhone
		{3B499E49-A681-4A59-8533-6CBF86A4F286}.Release|iPhone.Build.0 = Release|iPhone
		{3B499E49-A681-4A59-8533-6CBF86A4F286}.Release|iPhone.Deploy.0 = Release|iPhone
		{3B499E49-A681-4A59-8533-6CBF86A4F286}.Release|iPhoneSimulator.ActiveCfg = Release|iPhoneSimulator
		{3B499E49-A681-4A59-8533-6CBF86A4F286}.Release|iPhoneSimulator.Build.0 = Release|iPhoneSimulator
		{3B499E49-A681-4A59-8533-6CBF86A4F286}.Release|iPhoneSimulator.Deploy.0 = Release|iPhoneSimulator
		{0BF64D63-7C71-482C-AD6C-24113AAE2B39}.Debug|Any CPU.ActiveCfg = Debug|Any CPU
		{0BF64D63-7C71-482C-AD6C-24113AAE2B39}.Debug|Any CPU.Build.0 = Debug|Any CPU
		{0BF64D63-7C71-482C-AD6C-24113AAE2B39}.Debug|Any CPU.Deploy.0 = Debug|Any CPU
		{0BF64D63-7C71-482C-AD6C-24113AAE2B39}.Debug|iPhone.ActiveCfg = Debug|Any CPU
		{0BF64D63-7C71-482C-AD6C-24113AAE2B39}.Debug|iPhone.Build.0 = Debug|Any CPU
		{0BF64D63-7C71-482C-AD6C-24113AAE2B39}.Debug|iPhone.Deploy.0 = Debug|Any CPU
		{0BF64D63-7C71-482C-AD6C-24113AAE2B39}.Debug|iPhoneSimulator.ActiveCfg = Debug|Any CPU
		{0BF64D63-7C71-482C-AD6C-24113AAE2B39}.Debug|iPhoneSimulator.Build.0 = Debug|Any CPU
		{0BF64D63-7C71-482C-AD6C-24113AAE2B39}.Debug|iPhoneSimulator.Deploy.0 = Debug|Any CPU
		{0BF64D63-7C71-482C-AD6C-24113AAE2B39}.Release|Any CPU.ActiveCfg = Release|Any CPU
		{0BF64D63-7C71-482C-AD6C-24113AAE2B39}.Release|Any CPU.Build.0 = Release|Any CPU
		{0BF64D63-7C71-482C-AD6C-24113AAE2B39}.Release|Any CPU.Deploy.0 = Release|Any CPU
		{0BF64D63-7C71-482C-AD6C-24113AAE2B39}.Release|iPhone.ActiveCfg = Release|Any CPU
		{0BF64D63-7C71-482C-AD6C-24113AAE2B39}.Release|iPhone.Build.0 = Release|Any CPU
		{0BF64D63-7C71-482C-AD6C-24113AAE2B39}.Release|iPhone.Deploy.0 = Release|Any CPU
		{0BF64D63-7C71-482C-AD6C-24113AAE2B39}.Release|iPhoneSimulator.ActiveCfg = Release|Any CPU
		{0BF64D63-7C71-482C-AD6C-24113AAE2B39}.Release|iPhoneSimulator.Build.0 = Release|Any CPU
		{0BF64D63-7C71-482C-AD6C-24113AAE2B39}.Release|iPhoneSimulator.Deploy.0 = Release|Any CPU
	EndGlobalSection
	GlobalSection(SolutionProperties) = preSolution
		HideSolutionNode = FALSE
	EndGlobalSection
	GlobalSection(ExtensibilityGlobals) = postSolution
		SolutionGuid = {A3274037-CEF1-4FAE-838D-407601BC1CCD}
	EndGlobalSection
EndGlobal
